
Microsoft Visual Studio Solution File, Format Version 12.00
# Visual Studio Version 17
VisualStudioVersion = 17.0.31903.59
MinimumVisualStudioVersion = 10.0.40219.1
Project("{FAE04EC0-301F-11D3-BF4B-00C04F79EFBC}") = "Infrastructure", "Infrastructure\Infrastructure.csproj", "{BC44716F-67C2-4E0D-8363-B02610912074}"
EndProject
Project("{FAE04EC0-301F-11D3-BF4B-00C04F79EFBC}") = "Domain", "Domain\Domain.csproj", "{0A17D0A7-88D1-406F-A50C-C69F2D08BDB7}"
EndProject
Project("{FAE04EC0-301F-11D3-BF4B-00C04F79EFBC}") = "WebAPI", "WebAPI\WebAPI.csproj", "{DF2EACE8-FB21-477C-8A0B-FF053BA3880E}"
EndProject
Global
	GlobalSection(SolutionConfigurationPlatforms) = preSolution
		Debug|Any CPU = Debug|Any CPU
		Debug|x64 = Debug|x64
		Debug|x86 = Debug|x86
		Release|Any CPU = Release|Any CPU
		Release|x64 = Release|x64
		Release|x86 = Release|x86
	EndGlobalSection
	GlobalSection(ProjectConfigurationPlatforms) = postSolution
		{BC44716F-67C2-4E0D-8363-B02610912074}.Debug|Any CPU.ActiveCfg = Debug|Any CPU
		{BC44716F-67C2-4E0D-8363-B02610912074}.Debug|Any CPU.Build.0 = Debug|Any CPU
		{BC44716F-67C2-4E0D-8363-B02610912074}.Debug|x64.ActiveCfg = Debug|Any CPU
		{BC44716F-67C2-4E0D-8363-B02610912074}.Debug|x64.Build.0 = Debug|Any CPU
		{BC44716F-67C2-4E0D-8363-B02610912074}.Debug|x86.ActiveCfg = Debug|Any CPU
		{BC44716F-67C2-4E0D-8363-B02610912074}.Debug|x86.Build.0 = Debug|Any CPU
		{BC44716F-67C2-4E0D-8363-B02610912074}.Release|Any CPU.ActiveCfg = Release|Any CPU
		{BC44716F-67C2-4E0D-8363-B02610912074}.Release|Any CPU.Build.0 = Release|Any CPU
		{BC44716F-67C2-4E0D-8363-B02610912074}.Release|x64.ActiveCfg = Release|Any CPU
		{BC44716F-67C2-4E0D-8363-B02610912074}.Release|x64.Build.0 = Release|Any CPU
		{BC44716F-67C2-4E0D-8363-B02610912074}.Release|x86.ActiveCfg = Release|Any CPU
		{BC44716F-67C2-4E0D-8363-B02610912074}.Release|x86.Build.0 = Release|Any CPU
		{0A17D0A7-88D1-406F-A50C-C69F2D08BDB7}.Debug|Any CPU.ActiveCfg = Debug|Any CPU
		{0A17D0A7-88D1-406F-A50C-C69F2D08BDB7}.Debug|Any CPU.Build.0 = Debug|Any CPU
		{0A17D0A7-88D1-406F-A50C-C69F2D08BDB7}.Debug|x64.ActiveCfg = Debug|Any CPU
		{0A17D0A7-88D1-406F-A50C-C69F2D08BDB7}.Debug|x64.Build.0 = Debug|Any CPU
		{0A17D0A7-88D1-406F-A50C-C69F2D08BDB7}.Debug|x86.ActiveCfg = Debug|Any CPU
		{0A17D0A7-88D1-406F-A50C-C69F2D08BDB7}.Debug|x86.Build.0 = Debug|Any CPU
		{0A17D0A7-88D1-406F-A50C-C69F2D08BDB7}.Release|Any CPU.ActiveCfg = Release|Any CPU
		{0A17D0A7-88D1-406F-A50C-C69F2D08BDB7}.Release|Any CPU.Build.0 = Release|Any CPU
		{0A17D0A7-88D1-406F-A50C-C69F2D08BDB7}.Release|x64.ActiveCfg = Release|Any CPU
		{0A17D0A7-88D1-406F-A50C-C69F2D08BDB7}.Release|x64.Build.0 = Release|Any CPU
		{0A17D0A7-88D1-406F-A50C-C69F2D08BDB7}.Release|x86.ActiveCfg = Release|Any CPU
		{0A17D0A7-88D1-406F-A50C-C69F2D08BDB7}.Release|x86.Build.0 = Release|Any CPU
		{DF2EACE8-FB21-477C-8A0B-FF053BA3880E}.Debug|Any CPU.ActiveCfg = Debug|Any CPU
		{DF2EACE8-FB21-477C-8A0B-FF053BA3880E}.Debug|Any CPU.Build.0 = Debug|Any CPU
		{DF2EACE8-FB21-477C-8A0B-FF053BA3880E}.Debug|x64.ActiveCfg = Debug|Any CPU
		{DF2EACE8-FB21-477C-8A0B-FF053BA3880E}.Debug|x64.Build.0 = Debug|Any CPU
		{DF2EACE8-FB21-477C-8A0B-FF053BA3880E}.Debug|x86.ActiveCfg = Debug|Any CPU
		{DF2EACE8-FB21-477C-8A0B-FF053BA3880E}.Debug|x86.Build.0 = Debug|Any CPU
		{DF2EACE8-FB21-477C-8A0B-FF053BA3880E}.Release|Any CPU.ActiveCfg = Release|Any CPU
		{DF2EACE8-FB21-477C-8A0B-FF053BA3880E}.Release|Any CPU.Build.0 = Release|Any CPU
		{DF2EACE8-FB21-477C-8A0B-FF053BA3880E}.Release|x64.ActiveCfg = Release|Any CPU
		{DF2EACE8-FB21-477C-8A0B-FF053BA3880E}.Release|x64.Build.0 = Release|Any CPU
		{DF2EACE8-FB21-477C-8A0B-FF053BA3880E}.Release|x86.ActiveCfg = Release|Any CPU
		{DF2EACE8-FB21-477C-8A0B-FF053BA3880E}.Release|x86.Build.0 = Release|Any CPU
	EndGlobalSection
	GlobalSection(SolutionProperties) = preSolution
		HideSolutionNode = FALSE
	EndGlobalSection
EndGlobal
